
Microsoft Visual Studio Solution File, Format Version 12.00
# Visual Studio Version 17
VisualStudioVersion = 17.5.002.0
MinimumVisualStudioVersion = 10.0.40219.1
Project("{9A19103F-16F7-4668-BE54-9A1E7A4F7556}") = "FEAR.Core", "FEAR.Core.csproj", "{258A1F4A-DA12-4B22-BCC4-B445910D7057}"
EndProject
Global
	GlobalSection(SolutionConfigurationPlatforms) = preSolution
		Debug|Any CPU = Debug|Any CPU
		Release|Any CPU = Release|Any CPU
	EndGlobalSection
	GlobalSection(ProjectConfigurationPlatforms) = postSolution
		{258A1F4A-DA12-4B22-BCC4-B445910D7057}.Debug|Any CPU.ActiveCfg = Debug|Any CPU
		{258A1F4A-DA12-4B22-BCC4-B445910D7057}.Debug|Any CPU.Build.0 = Debug|Any CPU
		{258A1F4A-DA12-4B22-BCC4-B445910D7057}.Release|Any CPU.ActiveCfg = Release|Any CPU
		{258A1F4A-DA12-4B22-BCC4-B445910D7057}.Release|Any CPU.Build.0 = Release|Any CPU
	EndGlobalSection
	GlobalSection(SolutionProperties) = preSolution
		HideSolutionNode = FALSE
	EndGlobalSection
	GlobalSection(ExtensibilityGlobals) = postSolution
		SolutionGuid = {B620E5BC-9030-4978-904E-F8C524043AEF}
	EndGlobalSection
EndGlobal
